PODS:
  - AFDateHelper (4.2.7)
  - Alamofire (4.8.2)
  - BABFrameObservingInputAccessoryView (0.2.4)
  - Bolts (1.9.0):
    - Bolts/AppLinks (= 1.9.0)
    - Bolts/Tasks (= 1.9.0)
  - Bolts/AppLinks (1.9.0):
    - Bolts/Tasks
  - Bolts/Tasks (1.9.0)
  - EightySixPercent (1.0.10):
    - AFDateHelper
    - BABFrameObservingInputAccessoryView
    - Bolts
    - Hue
    - lottie-ios (= 3.0.3)
    - Moya
    - Nuke
    - PKHUD
    - Pulley
    - Realm
    - RealmSwift
    - Toucan
  - Hue (5.0.0)
  - lottie-ios (3.0.3)
  - Moya (13.0.1):
    - Moya/Core (= 13.0.1)
  - Moya/Core (13.0.1):
    - Alamofire (~> 4.1)
    - Result (~> 4.1)
  - Nuke (8.0)
  - PKHUD (5.3.0)
  - Pulley (2.7.0)
  - Realm (3.17.1):
    - Realm/Headers (= 3.17.1)
  - Realm/Headers (3.17.1)
  - RealmSwift (3.17.1):
    - Realm (= 3.17.1)
  - Result (4.1.0)
  - Toucan (1.1.0)

DEPENDENCIES:
  - EightySixPercent

SPEC REPOS:
  https://github.com/cocoapods/specs.git:
    - AFDateHelper
    - Alamofire
    - BABFrameObservingInputAccessoryView
    - Bolts
    - EightySixPercent
    - Hue
    - lottie-ios
    - Moya
    - Nuke
    - PKHUD
    - Pulley
    - Realm
    - RealmSwift
    - Result
    - Toucan

SPEC CHECKSUMS:
  AFDateHelper: 4ad66fb19503041fbba8a3018cb7ef9c71b2ff88
  Alamofire: ae5c501addb7afdbb13687d7f2f722c78734c2d3
  BABFrameObservingInputAccessoryView: 0f5fa4d3bcd5dd7110c5e2c182b8b678c847cae6
  Bolts: ac6567323eac61e203f6a9763667d0f711be34c8
  EightySixPercent: 2c63c5b7685573428ce106104e950ed956bf5e02
  Hue: c129cb67be7d093a82bbbc30ce8a96757bf6f37a
  lottie-ios: 06e0b54aab85ba128e332687d7f4ac4861a7a7ae
  Moya: f4a4b80ff2f8a4ffc208dfb31cd91636622fee6e
  Nuke: 8d90f1dbf88d27a7ba6ff3934de01693812e5adb
  PKHUD: 98f3e4bc904b9c916f1c5bb6d765365b5357291b
  Pulley: 028ddcc7d2dcbc078d71b61b7eee8e786d72c14a
  Realm: c204f1a890f07dea43b14132a6aad118c054b8f2
  RealmSwift: 4d3c9233544b9cd08a8913e0872b9038eb99b054
  Result: bd966fac789cc6c1563440b348ab2598cc24d5c7
  Toucan: 8f228fabb21521b9658692df9325fe76e71d74b2

PODFILE CHECKSUM: 98564f7cfa03826da5029768406f906c32495f33

COCOAPODS: 1.7.2
