// !$*UTF8*$!
{
	archiveVersion = 1;
	classes = {
	};
	objectVersion = 50;
	objects = {

/* Begin PBXBuildFile section */
		3172288CE8A45BE04CAB53E8 /* Pods_Test86.framework in Frameworks */ = {isa = PBXBuildFile; fileRef = F87DB501C79E1FF34521DF5C /* Pods_Test86.framework */; };
		67B6C2352253A2B8000AF7CC /* AppDelegate.swift in Sources */ = {isa = PBXBuildFile; fileRef = 67B6C2342253A2B8000AF7CC /* AppDelegate.swift */; };
		67B6C2372253A2B8000AF7CC /* ViewController.swift in Sources */ = {isa = PBXBuildFile; fileRef = 67B6C2362253A2B8000AF7CC /* ViewController.swift */; };
		67B6C23A2253A2B8000AF7CC /* Main.storyboard in Resources */ = {isa = PBXBuildFile; fileRef = 67B6C2382253A2B8000AF7CC /* Main.storyboard */; };
		67B6C23C2253A2BA000AF7CC /* Assets.xcassets in Resources */ = {isa = PBXBuildFile; fileRef = 67B6C23B2253A2BA000AF7CC /* Assets.xcassets */; };
		67B6C23F2253A2BA000AF7CC /* LaunchScreen.storyboard in Resources */ = {isa = PBXBuildFile; fileRef = 67B6C23D2253A2BA000AF7CC /* LaunchScreen.storyboard */; };
		67B6C2762253B78B000AF7CC /* StarWarsAppearance.swift in Sources */ = {isa = PBXBuildFile; fileRef = 67B6C26D2253B78B000AF7CC /* StarWarsAppearance.swift */; };
		67B6C2782253B78B000AF7CC /* Images.xcassets in Resources */ = {isa = PBXBuildFile; fileRef = 67B6C2702253B78B000AF7CC /* Images.xcassets */; };
		67B6C2792253B78B000AF7CC /* ComicBookBoldItalic.otf in Resources */ = {isa = PBXBuildFile; fileRef = 67B6C2722253B78B000AF7CC /* ComicBookBoldItalic.otf */; };
		67B6C27A2253B78B000AF7CC /* ComicBookBold.otf in Resources */ = {isa = PBXBuildFile; fileRef = 67B6C2732253B78B000AF7CC /* ComicBookBold.otf */; };
		67B6C27B2253B78B000AF7CC /* ComicBookItalic.otf in Resources */ = {isa = PBXBuildFile; fileRef = 67B6C2742253B78B000AF7CC /* ComicBookItalic.otf */; };
		67B6C27C2253B78B000AF7CC /* ComicBook.otf in Resources */ = {isa = PBXBuildFile; fileRef = 67B6C2752253B78B000AF7CC /* ComicBook.otf */; };
		67B6C27F2253BC0A000AF7CC /* starwarsBot.json in Resources */ = {isa = PBXBuildFile; fileRef = 67B6C27D2253BC0A000AF7CC /* starwarsBot.json */; };
		67B6C2802253BC0A000AF7CC /* simpleDemo.json in Resources */ = {isa = PBXBuildFile; fileRef = 67B6C27E2253BC0A000AF7CC /* simpleDemo.json */; };
		67B6C2832253BFC6000AF7CC /* Bots.swift in Sources */ = {isa = PBXBuildFile; fileRef = 67B6C2822253BFC6000AF7CC /* Bots.swift */; };
/* End PBXBuildFile section */

/* Begin PBXFileReference section */
		3879F70CFEA1680CF1D4B1DC /* Pods-Test86.debug.xcconfig */ = {isa = PBXFileReference; includeInIndex = 1; lastKnownFileType = text.xcconfig; name = "Pods-Test86.debug.xcconfig"; path = "Pods/Target Support Files/Pods-Test86/Pods-Test86.debug.xcconfig"; sourceTree = "<group>"; };
		5C1C8199A529C2502886EB1E /* Pods-Test86.release.xcconfig */ = {isa = PBXFileReference; includeInIndex = 1; lastKnownFileType = text.xcconfig; name = "Pods-Test86.release.xcconfig"; path = "Pods/Target Support Files/Pods-Test86/Pods-Test86.release.xcconfig"; sourceTree = "<group>"; };
		67B6C2312253A2B8000AF7CC /* Test86.app */ = {isa = PBXFileReference; explicitFileType = wrapper.application; includeInIndex = 0; path = Test86.app; sourceTree = BUILT_PRODUCTS_DIR; };
		67B6C2342253A2B8000AF7CC /* AppDelegate.swift */ = {isa = PBXFileReference; lastKnownFileType = sourcecode.swift; path = AppDelegate.swift; sourceTree = "<group>"; };
		67B6C2362253A2B8000AF7CC /* ViewController.swift */ = {isa = PBXFileReference; lastKnownFileType = sourcecode.swift; path = ViewController.swift; sourceTree = "<group>"; };
		67B6C2392253A2B8000AF7CC /* Base */ = {isa = PBXFileReference; lastKnownFileType = file.storyboard; name = Base; path = Base.lproj/Main.storyboard; sourceTree = "<group>"; };
		67B6C23B2253A2BA000AF7CC /* Assets.xcassets */ = {isa = PBXFileReference; lastKnownFileType = folder.assetcatalog; path = Assets.xcassets; sourceTree = "<group>"; };
		67B6C23E2253A2BA000AF7CC /* Base */ = {isa = PBXFileReference; lastKnownFileType = file.storyboard; name = Base; path = Base.lproj/LaunchScreen.storyboard; sourceTree = "<group>"; };
		67B6C2402253A2BA000AF7CC /* Info.plist */ = {isa = PBXFileReference; lastKnownFileType = text.plist.xml; path = Info.plist; sourceTree = "<group>"; };
		67B6C26D2253B78B000AF7CC /* StarWarsAppearance.swift */ = {isa = PBXFileReference; fileEncoding = 4; lastKnownFileType = sourcecode.swift; path = StarWarsAppearance.swift; sourceTree = "<group>"; };
		67B6C2702253B78B000AF7CC /* Images.xcassets */ = {isa = PBXFileReference; lastKnownFileType = folder.assetcatalog; path = Images.xcassets; sourceTree = "<group>"; };
		67B6C2722253B78B000AF7CC /* ComicBookBoldItalic.otf */ = {isa = PBXFileReference; lastKnownFileType = file; path = ComicBookBoldItalic.otf; sourceTree = "<group>"; };
		67B6C2732253B78B000AF7CC /* ComicBookBold.otf */ = {isa = PBXFileReference; lastKnownFileType = file; path = ComicBookBold.otf; sourceTree = "<group>"; };
		67B6C2742253B78B000AF7CC /* ComicBookItalic.otf */ = {isa = PBXFileReference; lastKnownFileType = file; path = ComicBookItalic.otf; sourceTree = "<group>"; };
		67B6C2752253B78B000AF7CC /* ComicBook.otf */ = {isa = PBXFileReference; lastKnownFileType = file; path = ComicBook.otf; sourceTree = "<group>"; };
		67B6C27D2253BC0A000AF7CC /* starwarsBot.json */ = {isa = PBXFileReference; fileEncoding = 4; lastKnownFileType = text.json; path = starwarsBot.json; sourceTree = "<group>"; };
		67B6C27E2253BC0A000AF7CC /* simpleDemo.json */ = {isa = PBXFileReference; fileEncoding = 4; lastKnownFileType = text.json; path = simpleDemo.json; sourceTree = "<group>"; };
		67B6C2822253BFC6000AF7CC /* Bots.swift */ = {isa = PBXFileReference; lastKnownFileType = sourcecode.swift; path = Bots.swift; sourceTree = "<group>"; };
		F87DB501C79E1FF34521DF5C /* Pods_Test86.framework */ = {isa = PBXFileReference; explicitFileType = wrapper.framework; includeInIndex = 0; path = Pods_Test86.framework; sourceTree = BUILT_PRODUCTS_DIR; };
/* End PBXFileReference section */

/* Begin PBXFrameworksBuildPhase section */
		67B6C22E2253A2B8000AF7CC /* Frameworks */ = {
			isa = PBXFrameworksBuildPhase;
			buildActionMask = 2147483647;
			files = (
				3172288CE8A45BE04CAB53E8 /* Pods_Test86.framework in Frameworks */,
			);
			runOnlyForDeploymentPostprocessing = 0;
		};
/* End PBXFrameworksBuildPhase section */

/* Begin PBXGroup section */
		67B6C2282253A2B8000AF7CC = {
			isa = PBXGroup;
			children = (
				67B6C2332253A2B8000AF7CC /* Test86 */,
				67B6C2322253A2B8000AF7CC /* Products */,
				BF19750A3DC9B1BE2E4F2BCF /* Pods */,
				D96782B896BAEC41CE1DCC6B /* Frameworks */,
			);
			sourceTree = "<group>";
		};
		67B6C2322253A2B8000AF7CC /* Products */ = {
			isa = PBXGroup;
			children = (
				67B6C2312253A2B8000AF7CC /* Test86.app */,
			);
			name = Products;
			sourceTree = "<group>";
		};
		67B6C2332253A2B8000AF7CC /* Test86 */ = {
			isa = PBXGroup;
			children = (
				67B6C2342253A2B8000AF7CC /* AppDelegate.swift */,
				67B6C2362253A2B8000AF7CC /* ViewController.swift */,
				67B6C2812253BC1A000AF7CC /* Bots */,
				67B6C26C2253B78B000AF7CC /* StarWarsApperance */,
				67B6C2382253A2B8000AF7CC /* Main.storyboard */,
				67B6C23B2253A2BA000AF7CC /* Assets.xcassets */,
				67B6C23D2253A2BA000AF7CC /* LaunchScreen.storyboard */,
				67B6C2402253A2BA000AF7CC /* Info.plist */,
			);
			path = Test86;
			sourceTree = "<group>";
		};
		67B6C26C2253B78B000AF7CC /* StarWarsApperance */ = {
			isa = PBXGroup;
			children = (
				67B6C26D2253B78B000AF7CC /* StarWarsAppearance.swift */,
				67B6C2702253B78B000AF7CC /* Images.xcassets */,
				67B6C2712253B78B000AF7CC /* Font */,
			);
			path = StarWarsApperance;
			sourceTree = "<group>";
		};
		67B6C2712253B78B000AF7CC /* Font */ = {
			isa = PBXGroup;
			children = (
				67B6C2722253B78B000AF7CC /* ComicBookBoldItalic.otf */,
				67B6C2732253B78B000AF7CC /* ComicBookBold.otf */,
				67B6C2742253B78B000AF7CC /* ComicBookItalic.otf */,
				67B6C2752253B78B000AF7CC /* ComicBook.otf */,
			);
			path = Font;
			sourceTree = "<group>";
		};
		67B6C2812253BC1A000AF7CC /* Bots */ = {
			isa = PBXGroup;
			children = (
				67B6C2822253BFC6000AF7CC /* Bots.swift */,
				67B6C27E2253BC0A000AF7CC /* simpleDemo.json */,
				67B6C27D2253BC0A000AF7CC /* starwarsBot.json */,
			);
			path = Bots;
			sourceTree = "<group>";
		};
		BF19750A3DC9B1BE2E4F2BCF /* Pods */ = {
			isa = PBXGroup;
			children = (
				3879F70CFEA1680CF1D4B1DC /* Pods-Test86.debug.xcconfig */,
				5C1C8199A529C2502886EB1E /* Pods-Test86.release.xcconfig */,
			);
			name = Pods;
			sourceTree = "<group>";
		};
		D96782B896BAEC41CE1DCC6B /* Frameworks */ = {
			isa = PBXGroup;
			children = (
				F87DB501C79E1FF34521DF5C /* Pods_Test86.framework */,
			);
			name = Frameworks;
			sourceTree = "<group>";
		};
/* End PBXGroup section */

/* Begin PBXNativeTarget section */
		67B6C2302253A2B8000AF7CC /* Test86 */ = {
			isa = PBXNativeTarget;
			buildConfigurationList = 67B6C2432253A2BA000AF7CC /* Build configuration list for PBXNativeTarget "Test86" */;
			buildPhases = (
				4B88EF8669E610838D7CE880 /* [CP] Check Pods Manifest.lock */,
				67B6C22D2253A2B8000AF7CC /* Sources */,
				67B6C22E2253A2B8000AF7CC /* Frameworks */,
				67B6C22F2253A2B8000AF7CC /* Resources */,
				0A0504A7F9ECBC629D8F5367 /* [CP] Embed Pods Frameworks */,
			);
			buildRules = (
			);
			dependencies = (
			);
			name = Test86;
			productName = Test86;
			productReference = 67B6C2312253A2B8000AF7CC /* Test86.app */;
			productType = "com.apple.product-type.application";
		};
/* End PBXNativeTarget section */

/* Begin PBXProject section */
		67B6C2292253A2B8000AF7CC /* Project object */ = {
			isa = PBXProject;
			attributes = {
				LastSwiftUpdateCheck = 1020;
				LastUpgradeCheck = 1020;
				ORGANIZATIONNAME = Glussian;
				TargetAttributes = {
					67B6C2302253A2B8000AF7CC = {
						CreatedOnToolsVersion = 10.2;
					};
				};
			};
			buildConfigurationList = 67B6C22C2253A2B8000AF7CC /* Build configuration list for PBXProject "Test86" */;
			compatibilityVersion = "Xcode 9.3";
			developmentRegion = en;
			hasScannedForEncodings = 0;
			knownRegions = (
				en,
				Base,
			);
			mainGroup = 67B6C2282253A2B8000AF7CC;
			productRefGroup = 67B6C2322253A2B8000AF7CC /* Products */;
			projectDirPath = "";
			projectRoot = "";
			targets = (
				67B6C2302253A2B8000AF7CC /* Test86 */,
			);
		};
/* End PBXProject section */

/* Begin PBXResourcesBuildPhase section */
		67B6C22F2253A2B8000AF7CC /* Resources */ = {
			isa = PBXResourcesBuildPhase;
			buildActionMask = 2147483647;
			files = (
				67B6C23F2253A2BA000AF7CC /* LaunchScreen.storyboard in Resources */,
				67B6C2782253B78B000AF7CC /* Images.xcassets in Resources */,
				67B6C27F2253BC0A000AF7CC /* starwarsBot.json in Resources */,
				67B6C23C2253A2BA000AF7CC /* Assets.xcassets in Resources */,
				67B6C2792253B78B000AF7CC /* ComicBookBoldItalic.otf in Resources */,
				67B6C2802253BC0A000AF7CC /* simpleDemo.json in Resources */,
				67B6C27A2253B78B000AF7CC /* ComicBookBold.otf in Resources */,
				67B6C27B2253B78B000AF7CC /* ComicBookItalic.otf in Resources */,
				67B6C27C2253B78B000AF7CC /* ComicBook.otf in Resources */,
				67B6C23A2253A2B8000AF7CC /* Main.storyboard in Resources */,
			);
			runOnlyForDeploymentPostprocessing = 0;
		};
/* End PBXResourcesBuildPhase section */

/* Begin PBXShellScriptBuildPhase section */
		0A0504A7F9ECBC629D8F5367 /* [CP] Embed Pods Frameworks */ = {
			isa = PBXShellScriptBuildPhase;
			buildActionMask = 2147483647;
			files = (
			);
			inputFileListPaths = (
			);
			inputPaths = (
				"${SRCROOT}/Pods/Target Support Files/Pods-Test86/Pods-Test86-frameworks.sh",
				"${BUILT_PRODUCTS_DIR}/AFDateHelper/AFDateHelper.framework",
				"${BUILT_PRODUCTS_DIR}/Alamofire/Alamofire.framework",
				"${BUILT_PRODUCTS_DIR}/BABFrameObservingInputAccessoryView/BABFrameObservingInputAccessoryView.framework",
				"${BUILT_PRODUCTS_DIR}/Bolts-Swift/BoltsSwift.framework",
				"${BUILT_PRODUCTS_DIR}/CocoaAsyncSocket/CocoaAsyncSocket.framework",
				"${PODS_ROOT}/EightySixPercent/EightySixPercent.framework",
				"${BUILT_PRODUCTS_DIR}/Hue/Hue.framework",
				"${BUILT_PRODUCTS_DIR}/JustLog/JustLog.framework",
				"${BUILT_PRODUCTS_DIR}/LGButton/LGButton.framework",
				"${BUILT_PRODUCTS_DIR}/Moya/Moya.framework",
				"${BUILT_PRODUCTS_DIR}/Nuke/Nuke.framework",
				"${BUILT_PRODUCTS_DIR}/PKHUD/PKHUD.framework",
				"${BUILT_PRODUCTS_DIR}/Pulley/Pulley.framework",
				"${BUILT_PRODUCTS_DIR}/Realm/Realm.framework",
				"${BUILT_PRODUCTS_DIR}/RealmSwift/RealmSwift.framework",
				"${BUILT_PRODUCTS_DIR}/Result/Result.framework",
				"${BUILT_PRODUCTS_DIR}/SwiftyBeaver/SwiftyBeaver.framework",
				"${BUILT_PRODUCTS_DIR}/Toucan/Toucan.framework",
				"${BUILT_PRODUCTS_DIR}/lottie-ios/Lottie.framework",
			);
			name = "[CP] Embed Pods Frameworks";
			outputFileListPaths = (
			);
			outputPaths = (
				"${TARGET_BUILD_DIR}/${FRAMEWORKS_FOLDER_PATH}/AFDateHelper.framework",
				"${TARGET_BUILD_DIR}/${FRAMEWORKS_FOLDER_PATH}/Alamofire.framework",
				"${TARGET_BUILD_DIR}/${FRAMEWORKS_FOLDER_PATH}/BABFrameObservingInputAccessoryView.framework",
				"${TARGET_BUILD_DIR}/${FRAMEWORKS_FOLDER_PATH}/BoltsSwift.framework",
				"${TARGET_BUILD_DIR}/${FRAMEWORKS_FOLDER_PATH}/CocoaAsyncSocket.framework",
				"${TARGET_BUILD_DIR}/${FRAMEWORKS_FOLDER_PATH}/EightySixPercent.framework",
				"${TARGET_BUILD_DIR}/${FRAMEWORKS_FOLDER_PATH}/Hue.framework",
				"${TARGET_BUILD_DIR}/${FRAMEWORKS_FOLDER_PATH}/JustLog.framework",
				"${TARGET_BUILD_DIR}/${FRAMEWORKS_FOLDER_PATH}/LGButton.framework",
				"${TARGET_BUILD_DIR}/${FRAMEWORKS_FOLDER_PATH}/Moya.framework",
				"${TARGET_BUILD_DIR}/${FRAMEWORKS_FOLDER_PATH}/Nuke.framework",
				"${TARGET_BUILD_DIR}/${FRAMEWORKS_FOLDER_PATH}/PKHUD.framework",
				"${TARGET_BUILD_DIR}/${FRAMEWORKS_FOLDER_PATH}/Pulley.framework",
				"${TARGET_BUILD_DIR}/${FRAMEWORKS_FOLDER_PATH}/Realm.framework",
				"${TARGET_BUILD_DIR}/${FRAMEWORKS_FOLDER_PATH}/RealmSwift.framework",
				"${TARGET_BUILD_DIR}/${FRAMEWORKS_FOLDER_PATH}/Result.framework",
				"${TARGET_BUILD_DIR}/${FRAMEWORKS_FOLDER_PATH}/SwiftyBeaver.framework",
				"${TARGET_BUILD_DIR}/${FRAMEWORKS_FOLDER_PATH}/Toucan.framework",
				"${TARGET_BUILD_DIR}/${FRAMEWORKS_FOLDER_PATH}/Lottie.framework",
			);
			runOnlyForDeploymentPostprocessing = 0;
			shellPath = /bin/sh;
			shellScript = "\"${SRCROOT}/Pods/Target Support Files/Pods-Test86/Pods-Test86-frameworks.sh\"\n";
			showEnvVarsInLog = 0;
		};
		4B88EF8669E610838D7CE880 /* [CP] Check Pods Manifest.lock */ = {
			isa = PBXShellScriptBuildPhase;
			buildActionMask = 2147483647;
			files = (
			);
			inputFileListPaths = (
			);
			inputPaths = (
				"${PODS_PODFILE_DIR_PATH}/Podfile.lock",
				"${PODS_ROOT}/Manifest.lock",
			);
			name = "[CP] Check Pods Manifest.lock";
			outputFileListPaths = (
			);
			outputPaths = (
				"$(DERIVED_FILE_DIR)/Pods-Test86-checkManifestLockResult.txt",
			);
			runOnlyForDeploymentPostprocessing = 0;
			shellPath = /bin/sh;
			shellScript = "diff \"${PODS_PODFILE_DIR_PATH}/Podfile.lock\" \"${PODS_ROOT}/Manifest.lock\" > /dev/null\nif [ $? != 0 ] ; then\n    # print error to STDERR\n    echo \"error: The sandbox is not in sync with the Podfile.lock. Run 'pod install' or update your CocoaPods installation.\" >&2\n    exit 1\nfi\n# This output is used by Xcode 'outputs' to avoid re-running this script phase.\necho \"SUCCESS\" > \"${SCRIPT_OUTPUT_FILE_0}\"\n";
			showEnvVarsInLog = 0;
		};
/* End PBXShellScriptBuildPhase section */

/* Begin PBXSourcesBuildPhase section */
		67B6C22D2253A2B8000AF7CC /* Sources */ = {
			isa = PBXSourcesBuildPhase;
			buildActionMask = 2147483647;
			files = (
				67B6C2372253A2B8000AF7CC /* ViewController.swift in Sources */,
				67B6C2352253A2B8000AF7CC /* AppDelegate.swift in Sources */,
				67B6C2762253B78B000AF7CC /* StarWarsAppearance.swift in Sources */,
				67B6C2832253BFC6000AF7CC /* Bots.swift in Sources */,
			);
			runOnlyForDeploymentPostprocessing = 0;
		};
/* End PBXSourcesBuildPhase section */

/* Begin PBXVariantGroup section */
		67B6C2382253A2B8000AF7CC /* Main.storyboard */ = {
			isa = PBXVariantGroup;
			children = (
				67B6C2392253A2B8000AF7CC /* Base */,
			);
			name = Main.storyboard;
			sourceTree = "<group>";
		};
		67B6C23D2253A2BA000AF7CC /* LaunchScreen.storyboard */ = {
			isa = PBXVariantGroup;
			children = (
				67B6C23E2253A2BA000AF7CC /* Base */,
			);
			name = LaunchScreen.storyboard;
			sourceTree = "<group>";
		};
/* End PBXVariantGroup section */

/* Begin XCBuildConfiguration section */
		67B6C2412253A2BA000AF7CC /* Debug */ = {
			isa = XCBuildConfiguration;
			buildSettings = {
				ALWAYS_SEARCH_USER_PATHS = NO;
				CLANG_ANALYZER_NONNULL = YES;
				CLANG_ANALYZER_NUMBER_OBJECT_CONVERSION = YES_AGGRESSIVE;
				CLANG_CXX_LANGUAGE_STANDARD = "gnu++14";
				CLANG_CXX_LIBRARY = "libc++";
				CLANG_ENABLE_MODULES = YES;
				CLANG_ENABLE_OBJC_ARC = YES;
				CLANG_ENABLE_OBJC_WEAK = YES;
				CLANG_WARN_BLOCK_CAPTURE_AUTORELEASING = YES;
				CLANG_WARN_BOOL_CONVERSION = YES;
				CLANG_WARN_COMMA = YES;
				CLANG_WARN_CONSTANT_CONVERSION = YES;
				CLANG_WARN_DEPRECATED_OBJC_IMPLEMENTATIONS = YES;
				CLANG_WARN_DIRECT_OBJC_ISA_USAGE = YES_ERROR;
				CLANG_WARN_DOCUMENTATION_COMMENTS = YES;
				CLANG_WARN_EMPTY_BODY = YES;
				CLANG_WARN_ENUM_CONVERSION = YES;
				CLANG_WARN_INFINITE_RECURSION = YES;
				CLANG_WARN_INT_CONVERSION = YES;
				CLANG_WARN_NON_LITERAL_NULL_CONVERSION = YES;
				CLANG_WARN_OBJC_IMPLICIT_RETAIN_SELF = YES;
				CLANG_WARN_OBJC_LITERAL_CONVERSION = YES;
				CLANG_WARN_OBJC_ROOT_CLASS = YES_ERROR;
				CLANG_WARN_RANGE_LOOP_ANALYSIS = YES;
				CLANG_WARN_STRICT_PROTOTYPES = YES;
				CLANG_WARN_SUSPICIOUS_MOVE = YES;
				CLANG_WARN_UNGUARDED_AVAILABILITY = YES_AGGRESSIVE;
				CLANG_WARN_UNREACHABLE_CODE = YES;
				CLANG_WARN__DUPLICATE_METHOD_MATCH = YES;
				CODE_SIGN_IDENTITY = "iPhone Developer";
				COPY_PHASE_STRIP = NO;
				DEBUG_INFORMATION_FORMAT = dwarf;
				ENABLE_STRICT_OBJC_MSGSEND = YES;
				ENABLE_TESTABILITY = YES;
				GCC_C_LANGUAGE_STANDARD = gnu11;
				GCC_DYNAMIC_NO_PIC = NO;
				GCC_NO_COMMON_BLOCKS = YES;
				GCC_OPTIMIZATION_LEVEL = 0;
				GCC_PREPROCESSOR_DEFINITIONS = (
					"DEBUG=1",
					"$(inherited)",
				);
				GCC_WARN_64_TO_32_BIT_CONVERSION = YES;
				GCC_WARN_ABOUT_RETURN_TYPE = YES_ERROR;
				GCC_WARN_UNDECLARED_SELECTOR = YES;
				GCC_WARN_UNINITIALIZED_AUTOS = YES_AGGRESSIVE;
				GCC_WARN_UNUSED_FUNCTION = YES;
				GCC_WARN_UNUSED_VARIABLE = YES;
				IPHONEOS_DEPLOYMENT_TARGET = 12.2;
				MTL_ENABLE_DEBUG_INFO = INCLUDE_SOURCE;
				MTL_FAST_MATH = YES;
				ONLY_ACTIVE_ARCH = YES;
				SDKROOT = iphoneos;
				SWIFT_ACTIVE_COMPILATION_CONDITIONS = DEBUG;
				SWIFT_OPTIMIZATION_LEVEL = "-Onone";
			};
			name = Debug;
		};
		67B6C2422253A2BA000AF7CC /* Release */ = {
			isa = XCBuildConfiguration;
			buildSettings = {
				ALWAYS_SEARCH_USER_PATHS = NO;
				CLANG_ANALYZER_NONNULL = YES;
				CLANG_ANALYZER_NUMBER_OBJECT_CONVERSION = YES_AGGRESSIVE;
				CLANG_CXX_LANGUAGE_STANDARD = "gnu++14";
				CLANG_CXX_LIBRARY = "libc++";
				CLANG_ENABLE_MODULES = YES;
				CLANG_ENABLE_OBJC_ARC = YES;
				CLANG_ENABLE_OBJC_WEAK = YES;
				CLANG_WARN_BLOCK_CAPTURE_AUTORELEASING = YES;
				CLANG_WARN_BOOL_CONVERSION = YES;
				CLANG_WARN_COMMA = YES;
				CLANG_WARN_CONSTANT_CONVERSION = YES;
				CLANG_WARN_DEPRECATED_OBJC_IMPLEMENTATIONS = YES;
				CLANG_WARN_DIRECT_OBJC_ISA_USAGE = YES_ERROR;
				CLANG_WARN_DOCUMENTATION_COMMENTS = YES;
				CLANG_WARN_EMPTY_BODY = YES;
				CLANG_WARN_ENUM_CONVERSION = YES;
				CLANG_WARN_INFINITE_RECURSION = YES;
				CLANG_WARN_INT_CONVERSION = YES;
				CLANG_WARN_NON_LITERAL_NULL_CONVERSION = YES;
				CLANG_WARN_OBJC_IMPLICIT_RETAIN_SELF = YES;
				CLANG_WARN_OBJC_LITERAL_CONVERSION = YES;
				CLANG_WARN_OBJC_ROOT_CLASS = YES_ERROR;
				CLANG_WARN_RANGE_LOOP_ANALYSIS = YES;
				CLANG_WARN_STRICT_PROTOTYPES = YES;
				CLANG_WARN_SUSPICIOUS_MOVE = YES;
				CLANG_WARN_UNGUARDED_AVAILABILITY = YES_AGGRESSIVE;
				CLANG_WARN_UNREACHABLE_CODE = YES;
				CLANG_WARN__DUPLICATE_METHOD_MATCH = YES;
				CODE_SIGN_IDENTITY = "iPhone Developer";
				COPY_PHASE_STRIP = NO;
				DEBUG_INFORMATION_FORMAT = "dwarf-with-dsym";
				ENABLE_NS_ASSERTIONS = NO;
				ENABLE_STRICT_OBJC_MSGSEND = YES;
				GCC_C_LANGUAGE_STANDARD = gnu11;
				GCC_NO_COMMON_BLOCKS = YES;
				GCC_WARN_64_TO_32_BIT_CONVERSION = YES;
				GCC_WARN_ABOUT_RETURN_TYPE = YES_ERROR;
				GCC_WARN_UNDECLARED_SELECTOR = YES;
				GCC_WARN_UNINITIALIZED_AUTOS = YES_AGGRESSIVE;
				GCC_WARN_UNUSED_FUNCTION = YES;
				GCC_WARN_UNUSED_VARIABLE = YES;
				IPHONEOS_DEPLOYMENT_TARGET = 12.2;
				MTL_ENABLE_DEBUG_INFO = NO;
				MTL_FAST_MATH = YES;
				SDKROOT = iphoneos;
				SWIFT_COMPILATION_MODE = wholemodule;
				SWIFT_OPTIMIZATION_LEVEL = "-O";
				VALIDATE_PRODUCT = YES;
			};
			name = Release;
		};
		67B6C2442253A2BA000AF7CC /* Debug */ = {
			isa = XCBuildConfiguration;
			baseConfigurationReference = 3879F70CFEA1680CF1D4B1DC /* Pods-Test86.debug.xcconfig */;
			buildSettings = {
				ASSETCATALOG_COMPILER_APPICON_NAME = AppIcon;
				CODE_SIGN_STYLE = Automatic;
				INFOPLIST_FILE = Test86/Info.plist;
				LD_RUNPATH_SEARCH_PATHS = (
					"$(inherited)",
					"@executable_path/Frameworks",
				);
				PRODUCT_BUNDLE_IDENTIFIER = com.lunabee.Test86;
				PRODUCT_NAME = "$(TARGET_NAME)";
				SWIFT_VERSION = 4.2;
				TARGETED_DEVICE_FAMILY = "1,2";
			};
			name = Debug;
		};
		67B6C2452253A2BA000AF7CC /* Release */ = {
			isa = XCBuildConfiguration;
			baseConfigurationReference = 5C1C8199A529C2502886EB1E /* Pods-Test86.release.xcconfig */;
			buildSettings = {
				ASSETCATALOG_COMPILER_APPICON_NAME = AppIcon;
				CODE_SIGN_STYLE = Automatic;
				INFOPLIST_FILE = Test86/Info.plist;
				LD_RUNPATH_SEARCH_PATHS = (
					"$(inherited)",
					"@executable_path/Frameworks",
				);
				PRODUCT_BUNDLE_IDENTIFIER = com.lunabee.Test86;
				PRODUCT_NAME = "$(TARGET_NAME)";
				SWIFT_VERSION = 4.2;
				TARGETED_DEVICE_FAMILY = "1,2";
			};
			name = Release;
		};
/* End XCBuildConfiguration section */

/* Begin XCConfigurationList section */
		67B6C22C2253A2B8000AF7CC /* Build configuration list for PBXProject "Test86" */ = {
			isa = XCConfigurationList;
			buildConfigurations = (
				67B6C2412253A2BA000AF7CC /* Debug */,
				67B6C2422253A2BA000AF7CC /* Release */,
			);
			defaultConfigurationIsVisible = 0;
			defaultConfigurationName = Release;
		};
		67B6C2432253A2BA000AF7CC /* Build configuration list for PBXNativeTarget "Test86" */ = {
			isa = XCConfigurationList;
			buildConfigurations = (
				67B6C2442253A2BA000AF7CC /* Debug */,
				67B6C2452253A2BA000AF7CC /* Release */,
			);
			defaultConfigurationIsVisible = 0;
			defaultConfigurationName = Release;
		};
/* End XCConfigurationList section */
	};
	rootObject = 67B6C2292253A2B8000AF7CC /* Project object */;
}
